
Microsoft Visual Studio Solution File, Format Version 12.00
# Visual Studio Version 16
VisualStudioVersion = 16.0.29613.14
MinimumVisualStudioVersion = 10.0.40219.1
Project("{FAE04EC0-301F-11D3-BF4B-00C04F79EFBC}") = "food2", "food2\food2.csproj", "{96D5B1C0-FA73-43C8-9421-2CFDF80F94F8}"
EndProject
Global
	GlobalSection(SolutionConfigurationPlatforms) = preSolution
		Debug|Any CPU = Debug|Any CPU
		Release|Any CPU = Release|Any CPU
	EndGlobalSection
	GlobalSection(ProjectConfigurationPlatforms) = postSolution
		{96D5B1C0-FA73-43C8-9421-2CFDF80F94F8}.Debug|Any CPU.ActiveCfg = Debug|Any CPU
		{96D5B1C0-FA73-43C8-9421-2CFDF80F94F8}.Debug|Any CPU.Build.0 = Debug|Any CPU
		{96D5B1C0-FA73-43C8-9421-2CFDF80F94F8}.Release|Any CPU.ActiveCfg = Release|Any CPU
		{96D5B1C0-FA73-43C8-9421-2CFDF80F94F8}.Release|Any CPU.Build.0 = Release|Any CPU
	EndGlobalSection
	GlobalSection(SolutionProperties) = preSolution
		HideSolutionNode = FALSE
	EndGlobalSection
	GlobalSection(ExtensibilityGlobals) = postSolution
		SolutionGuid = {38DAB4B4-D249-4EDD-A6A1-0F0FFB1BE2CD}
	EndGlobalSection
EndGlobal
